// !$*UTF8*$!
{
  archiveVersion = 1;
  objectVersion = 56;
  objects = {

/* Begin PBXBuildFile section */
    A10000000000000000000001 /* SarawakFMSApp.swift in Sources */ = {isa = PBXBuildFile; fileRef = A20000000000000000000001 /* SarawakFMSApp.swift */; };
    A10000000000000000000002 /* ContentView.swift in Sources */ = {isa = PBXBuildFile; fileRef = A20000000000000000000002 /* ContentView.swift */; };
/* End PBXBuildFile section */

/* Begin PBXFileReference section */
    A20000000000000000000000 /* SarawakFMS.app */ = {isa = PBXFileReference; explicitFileType = wrapper.application; includeInIndex = 0; path = SarawakFMS.app; sourceTree = BUILT_PRODUCTS_DIR; };
    A20000000000000000000001 /* SarawakFMSApp.swift */ = {isa = PBXFileReference; lastKnownFileType = sourcecode.swift; path = SarawakFMSApp.swift; sourceTree = "<group>"; };
    A20000000000000000000002 /* ContentView.swift */ = {isa = PBXFileReference; lastKnownFileType = sourcecode.swift; path = ContentView.swift; sourceTree = "<group>"; };
    A20000000000000000000003 /* Info.plist */ = {isa = PBXFileReference; lastKnownFileType = text.plist.xml; path = Info.plist; sourceTree = "<group>"; };
/* End PBXFileReference section */

/* Begin PBXFrameworksBuildPhase section */
    A30000000000000000000001 /* Frameworks */ = {isa = PBXFrameworksBuildPhase; buildActionMask = 2147483647; files = (); runOnlyForDeploymentPostprocessing = 0; };
/* End PBXFrameworksBuildPhase section */

/* Begin PBXGroup section */
    A40000000000000000000001 = {isa = PBXGroup; children = (A40000000000000000000002, A40000000000000000000003,); sourceTree = "<group>"; };
    A40000000000000000000002 /* SarawakFMS */ = {isa = PBXGroup; children = (A20000000000000000000001, A20000000000000000000002, A20000000000000000000003,); path = SarawakFMS; sourceTree = "<group>"; };
    A40000000000000000000003 /* Products */ = {isa = PBXGroup; children = (A20000000000000000000000 /* SarawakFMS.app */,); name = Products; path = Products; sourceTree = "<group>"; };
/* End PBXGroup section */

/* Begin PBXNativeTarget section */
    A50000000000000000000001 /* SarawakFMS */ = {
      isa = PBXNativeTarget;
      buildConfigurationList = A60000000000000000000002;
      buildPhases = (A30000000000000000000002, A30000000000000000000001,);
      buildRules = ();
      dependencies = ();
      name = SarawakFMS;
      productName = SarawakFMS;
      productReference = A20000000000000000000000;
      productType = "com.apple.product-type.application";
    };
/* End PBXNativeTarget section */

/* Begin PBXProject section */
    A70000000000000000000001 /* Project object */ = {
      isa = PBXProject;
      attributes = { LastUpgradeCheck = 1600; TargetAttributes = { A50000000000000000000001 = { CreatedOnToolsVersion = 16.0; }; }; };
      buildConfigurationList = A60000000000000000000001;
      compatibilityVersion = "Xcode 15.0";
      developmentRegion = en;
      hasScannedForEncodings = 0;
      knownRegions = (en, Base,);
      mainGroup = A40000000000000000000001;
      productRefGroup = A40000000000000000000003;
      projectDirPath = "";
      projectRoot = "";
      targets = (A50000000000000000000001,);
    };
/* End PBXProject section */

/* Begin PBXResourcesBuildPhase section */
    A30000000000000000000002 /* Sources */ = {isa = PBXSourcesBuildPhase; buildActionMask = 2147483647; files = (A10000000000000000000001, A10000000000000000000002,); runOnlyForDeploymentPostprocessing = 0; };
/* End PBXResourcesBuildPhase section */

/* Begin XCBuildConfiguration section */
    A80000000000000000000001 /* Debug project */ = {isa = XCBuildConfiguration; buildSettings = { ALWAYS_SEARCH_USER_PATHS = NO; SWIFT_VERSION = 5.0; }; name = Debug; };
    A80000000000000000000002 /* Release project */ = {isa = XCBuildConfiguration; buildSettings = { ALWAYS_SEARCH_USER_PATHS = NO; SWIFT_VERSION = 5.0; }; name = Release; };
    A80000000000000000000003 /* Debug target */ = {isa = XCBuildConfiguration; buildSettings = {
      CODE_SIGNING_ALLOWED = NO;
      CODE_SIGNING_REQUIRED = NO;
      CURRENT_PROJECT_VERSION = 1;
      GENERATE_INFOPLIST_FILE = NO;
      INFOPLIST_FILE = SarawakFMS/Info.plist;
      IPHONEOS_DEPLOYMENT_TARGET = 15.0;
      PRODUCT_BUNDLE_IDENTIFIER = my.gov.sarawak.fms;
      PRODUCT_NAME = "Sarawak FMS";
      SWIFT_VERSION = 5.0;
      TARGETED_DEVICE_FAMILY = "1,2";
    }; name = Debug; };
    A80000000000000000000004 /* Release target */ = {isa = XCBuildConfiguration; buildSettings = {
      ASSETCATALOG_COMPILER_APPICON_NAME = AppIcon;
      CODE_SIGNING_ALLOWED = NO;
      CODE_SIGNING_REQUIRED = NO;
      CURRENT_PROJECT_VERSION = 1;
      GENERATE_INFOPLIST_FILE = NO;
      INFOPLIST_FILE = ios/SarawakFMS/Info.plist;
      IPHONEOS_DEPLOYMENT_TARGET = 15.0;
      PRODUCT_BUNDLE_IDENTIFIER = my.gov.sarawak.fms;
      PRODUCT_NAME = "Sarawak FMS";
      SWIFT_VERSION = 5.0;
      TARGETED_DEVICE_FAMILY = "1,2";
    }; name = Release; };
/* End XCBuildConfiguration section */

/* Begin XCConfigurationList section */
    A60000000000000000000001 /* Project configs */ = {isa = XCConfigurationList; buildConfigurations = (A80000000000000000000001, A80000000000000000000002,); defaultConfigurationIsVisible = 0; defaultConfigurationName = Release; };
    A60000000000000000000002 /* Target configs */ = {isa = XCConfigurationList; buildConfigurations = (A80000000000000000000003, A80000000000000000000004,); defaultConfigurationIsVisible = 0; defaultConfigurationName = Release; };
/* End XCConfigurationList section */
  };
  rootObject = A70000000000000000000001 /* Project object */;
}
